
Microsoft Visual Studio Solution File, Format Version 12.00
# Visual Studio 15
VisualStudioVersion = 15.0.26730.12
MinimumVisualStudioVersion = 10.0.40219.1
Project("{9A19103F-16F7-4668-BE54-9A1E7A4F7556}") = "NServiceBus.SagaAudit", "NServiceBus.SagaAudit\NServiceBus.SagaAudit.csproj", "{97079A73-235E-4D52-A6DF-EBF3BF0F4971}"
EndProject
Project("{9A19103F-16F7-4668-BE54-9A1E7A4F7556}") = "NServiceBus.SagaAudit.Tests", "NServiceBus.SagaAudit.Tests\NServiceBus.SagaAudit.Tests.csproj", "{8654E090-6007-4476-A769-AE8B08C44E63}"
EndProject
Project("{9A19103F-16F7-4668-BE54-9A1E7A4F7556}") = "NServiceBus.SagaAudit.AcceptanceTests", "NServiceBus.SagaAudit.AcceptanceTests\NServiceBus.SagaAudit.AcceptanceTests.csproj", "{D1E7266A-1FB8-4677-99E4-D98989076723}"
EndProject
Project("{9A19103F-16F7-4668-BE54-9A1E7A4F7556}") = "NServiceBus.SagaAudit.SmokeTest", "NServiceBus.SagaAudit.SmokeTest\NServiceBus.SagaAudit.SmokeTest.csproj", "{684EE59A-1E34-4DA4-8138-C6ABB070F045}"
EndProject
Project("{2150E333-8FDC-42A3-9474-1A3956D46DE8}") = "Solution Items", "Solution Items", "{1B810DC3-6DCA-4E1B-B624-BC4F302131E1}"
	ProjectSection(SolutionItems) = preProject
		Directory.Build.props = Directory.Build.props
		Directory.Build.targets = Directory.Build.targets
	EndProjectSection
EndProject
Global
	GlobalSection(SolutionConfigurationPlatforms) = preSolution
		Debug|Any CPU = Debug|Any CPU
		Release|Any CPU = Release|Any CPU
	EndGlobalSection
	GlobalSection(ProjectConfigurationPlatforms) = postSolution
		{97079A73-235E-4D52-A6DF-EBF3BF0F4971}.Debug|Any CPU.ActiveCfg = Debug|Any CPU
		{97079A73-235E-4D52-A6DF-EBF3BF0F4971}.Debug|Any CPU.Build.0 = Debug|Any CPU
		{97079A73-235E-4D52-A6DF-EBF3BF0F4971}.Release|Any CPU.ActiveCfg = Release|Any CPU
		{97079A73-235E-4D52-A6DF-EBF3BF0F4971}.Release|Any CPU.Build.0 = Release|Any CPU
		{8654E090-6007-4476-A769-AE8B08C44E63}.Debug|Any CPU.ActiveCfg = Debug|Any CPU
		{8654E090-6007-4476-A769-AE8B08C44E63}.Debug|Any CPU.Build.0 = Debug|Any CPU
		{8654E090-6007-4476-A769-AE8B08C44E63}.Release|Any CPU.ActiveCfg = Release|Any CPU
		{8654E090-6007-4476-A769-AE8B08C44E63}.Release|Any CPU.Build.0 = Release|Any CPU
		{D1E7266A-1FB8-4677-99E4-D98989076723}.Debug|Any CPU.ActiveCfg = Debug|Any CPU
		{D1E7266A-1FB8-4677-99E4-D98989076723}.Debug|Any CPU.Build.0 = Debug|Any CPU
		{D1E7266A-1FB8-4677-99E4-D98989076723}.Release|Any CPU.ActiveCfg = Release|Any CPU
		{D1E7266A-1FB8-4677-99E4-D98989076723}.Release|Any CPU.Build.0 = Release|Any CPU
		{684EE59A-1E34-4DA4-8138-C6ABB070F045}.Debug|Any CPU.ActiveCfg = Debug|Any CPU
		{684EE59A-1E34-4DA4-8138-C6ABB070F045}.Debug|Any CPU.Build.0 = Debug|Any CPU
		{684EE59A-1E34-4DA4-8138-C6ABB070F045}.Release|Any CPU.ActiveCfg = Release|Any CPU
		{684EE59A-1E34-4DA4-8138-C6ABB070F045}.Release|Any CPU.Build.0 = Release|Any CPU
	EndGlobalSection
	GlobalSection(SolutionProperties) = preSolution
		HideSolutionNode = FALSE
	EndGlobalSection
	GlobalSection(ExtensibilityGlobals) = postSolution
		SolutionGuid = {892B9854-FB37-480F-B985-20E43166DFE9}
	EndGlobalSection
EndGlobal
